<?xml version="1.0" encoding="utf-8"?>
<Project ToolsVersion="4.0" xmlns="http://schemas.microsoft.com/developer/msbuild/2003">
  <ItemGroup>
    <Filter Include="Исходные файлы">
      <UniqueIdentifier>{4FC737F1-C7A5-4376-A066-2A32D752A2FF}</UniqueIdentifier>
      <Extensions>cpp;c;cc;cxx;c++;cppm;ixx;def;odl;idl;hpj;bat;asm;asmx</Extensions>
    </Filter>
    <Filter Include="Файлы заголовков">
      <UniqueIdentifier>{93995380-89BD-4b04-88EB-625FBE52EBFB}</UniqueIdentifier>
      <Extensions>h;hh;hpp;hxx;h++;hm;inl;inc;ipp;xsd</Extensions>
    </Filter>
    <Filter Include="Файлы ресурсов">
      <UniqueIdentifier>{67DA6AB6-F800-4c08-8B7A-83BB121AAD01}</UniqueIdentifier>
      <Extensions>rc;ico;cur;bmp;dlg;rc2;rct;bin;rgs;gif;jpg;jpeg;jpe;resx;tiff;tif;png;wav;mfcribbon-ms</Extensions>
    </Filter>
    <Filter Include="Файлы ресурсов\SDK">
      <UniqueIdentifier>{87e79108-8f2d-4706-b9ff-c3831f38c1e6}</UniqueIdentifier>
    </Filter>
    <Filter Include="Файлы ресурсов\SDK\Client">
      <UniqueIdentifier>{4f2d32fc-942c-4c42-bf9e-64fff36c06c9}</UniqueIdentifier>
    </Filter>
    <Filter Include="Файлы ресурсов\SDK\Engine">
      <UniqueIdentifier>{da6a83dc-8fd7-4625-ada9-6711773bd540}</UniqueIdentifier>
    </Filter>
    <Filter Include="imgui">
      <UniqueIdentifier>{90fba6b8-d9f7-461c-8ec0-1cfa837ba699}</UniqueIdentifier>
    </Filter>
  </ItemGroup>
  <ItemGroup>
    <ClInclude Include="lib\font.h">
      <Filter>Файлы заголовков</Filter>
    </ClInclude>
    <ClInclude Include="CDK\Engine\State.h">
      <Filter>Файлы ресурсов\SDK\Engine</Filter>
    </ClInclude>
    <ClInclude Include="CDK\Engine\Engine.h">
      <Filter>Файлы ресурсов\SDK\Engine</Filter>
    </ClInclude>
    <ClInclude Include="CDK\Engine\ClientState.h">
      <Filter>Файлы ресурсов\SDK\Engine</Filter>
    </ClInclude>
    <ClInclude Include="CDK\Client\Team.h">
      <Filter>Файлы ресурсов\SDK\Client</Filter>
    </ClInclude>
    <ClInclude Include="CDK\Client\Player.h">
      <Filter>Файлы ресурсов\SDK\Client</Filter>
    </ClInclude>
    <ClInclude Include="CDK\Client\LocalPlayer.h">
      <Filter>Файлы ресурсов\SDK\Client</Filter>
    </ClInclude>
    <ClInclude Include="CDK\Client\GlowStyle.h">
      <Filter>Файлы ресурсов\SDK\Client</Filter>
    </ClInclude>
    <ClInclude Include="CDK\Client\GlowObjectManager.h">
      <Filter>Файлы ресурсов\SDK\Client</Filter>
    </ClInclude>
    <ClInclude Include="CDK\Client\GlowObjectDefinition.h">
      <Filter>Файлы ресурсов\SDK\Client</Filter>
    </ClInclude>
    <ClInclude Include="CDK\Client\Client.h">
      <Filter>Файлы ресурсов\SDK\Client</Filter>
    </ClInclude>
    <ClInclude Include="CDK\Client\Entity.h">
      <Filter>Файлы ресурсов\SDK\Client</Filter>
    </ClInclude>
    <ClInclude Include="CDK\Client\ClassId.h">
      <Filter>Файлы ресурсов\SDK\Client</Filter>
    </ClInclude>
    <ClInclude Include="lib\Memory.h">
      <Filter>Файлы заголовков</Filter>
    </ClInclude>
    <ClInclude Include="lib\Offsets.h">
      <Filter>Файлы заголовков</Filter>
    </ClInclude>
    <ClInclude Include="lib\Modules.h">
      <Filter>Файлы заголовков</Filter>
    </ClInclude>
    <ClInclude Include="lib\Vector.h">
      <Filter>Файлы заголовков</Filter>
    </ClInclude>
    <ClInclude Include="lib\WeaponsId.h">
      <Filter>Файлы заголовков</Filter>
    </ClInclude>
    <ClInclude Include="Includer.h">
      <Filter>Исходные файлы</Filter>
    </ClInclude>
    <ClInclude Include="lib\gui.h">
      <Filter>Файлы заголовков</Filter>
    </ClInclude>
    <ClInclude Include="lib\imgui\imstb_truetype.h">
      <Filter>imgui</Filter>
    </ClInclude>
    <ClInclude Include="lib\imgui\imstb_textedit.h">
      <Filter>imgui</Filter>
    </ClInclude>
    <ClInclude Include="lib\imgui\imstb_rectpack.h">
      <Filter>imgui</Filter>
    </ClInclude>
    <ClInclude Include="lib\imgui\imgui_internal.h">
      <Filter>imgui</Filter>
    </ClInclude>
    <ClInclude Include="lib\imgui\imgui_impl_win32.h">
      <Filter>imgui</Filter>
    </ClInclude>
    <ClInclude Include="lib\imgui\imgui_impl_dx9.h">
      <Filter>imgui</Filter>
    </ClInclude>
    <ClInclude Include="lib\imgui\imconfig.h">
      <Filter>imgui</Filter>
    </ClInclude>
    <ClInclude Include="lib\imgui\imgui.h">
      <Filter>imgui</Filter>
    </ClInclude>
  </ItemGroup>
  <ItemGroup>
    <ClCompile Include="MainDll.cpp">
      <Filter>Исходные файлы</Filter>
    </ClCompile>
    <ClCompile Include="lib\imgui\imgui.cpp">
      <Filter>imgui</Filter>
    </ClCompile>
    <ClCompile Include="lib\imgui\imgui_draw.cpp">
      <Filter>imgui</Filter>
    </ClCompile>
    <ClCompile Include="lib\imgui\imgui_demo.cpp">
      <Filter>imgui</Filter>
    </ClCompile>
    <ClCompile Include="lib\imgui\imgui_impl_dx9.cpp">
      <Filter>imgui</Filter>
    </ClCompile>
    <ClCompile Include="lib\imgui\imgui_impl_win32.cpp">
      <Filter>imgui</Filter>
    </ClCompile>
    <ClCompile Include="lib\imgui\imgui_tables.cpp">
      <Filter>imgui</Filter>
    </ClCompile>
    <ClCompile Include="lib\imgui\imgui_widgets.cpp">
      <Filter>imgui</Filter>
    </ClCompile>
  </ItemGroup>
  <ItemGroup>
    <None Include="ddv.json" />
  </ItemGroup>
</Project>